{
    "_readme": [
        "This file locks the dependencies of your project to a known state",
        "Read more about it at https://getcomposer.org/doc/01-basic-usage.md#composer-lock-the-lock-file",
        "This file is @generated automatically"
    ],
    "hash": "7a26bb05d59bbbbf74b48bb9939bd807",
    "content-hash": "7baf30d0332601d03a8a4dfc5d0cc6fa",
    "packages": [
        {
            "name": "sentry/sentry",
            "version": "1.6.1",
            "source": {
                "type": "git",
                "url": "https://github.com/getsentry/sentry-php.git",
                "reference": "7656110b7577c4239b5c76a5c2d67261b0122ca0"
            },
            "dist": {
                "type": "zip",
                "url": "https://api.github.com/repos/getsentry/sentry-php/zipball/7656110b7577c4239b5c76a5c2d67261b0122ca0",
                "reference": "7656110b7577c4239b5c76a5c2d67261b0122ca0",
                "shasum": ""
            },
            "require": {
                "ext-curl": "*",
                "php": ">=5.2.4"
            },
            "conflict": {
                "raven/raven": "*"
            },
            "require-dev": {
                "friendsofphp/php-cs-fixer": "^1.8.0",
                "monolog/monolog": "*",
                "phpunit/phpunit": "^4.8 || ^5.0"
            },
            "suggest": {
                "monolog/monolog": "Automatically capture Monolog events as breadcrumbs"
            },
            "bin": [
                "bin/sentry"
            ],
            "type": "library",
            "extra": {
                "branch-alias": {
                    "dev-master": "1.6.x-dev"
                }
            },
            "autoload": {
                "psr-0": {
                    "Raven_": "lib/"
                }
            },
            "notification-url": "https://packagist.org/downloads/",
            "license": [
                "BSD-3-Clause"
            ],
            "authors": [
                {
                    "name": "David Cramer",
                    "email": "dcramer@gmail.com"
                }
            ],
            "description": "A PHP client for Sentry (http://getsentry.com)",
            "homepage": "http://getsentry.com",
            "keywords": [
                "log",
                "logging"
            ],
            "time": "2016-12-14 21:57:27"
        }
    ],
    "packages-dev": [],
    "aliases": [],
    "minimum-stability": "stable",
    "stability-flags": [],
    "prefer-stable": false,
    "prefer-lowest": false,
    "platform": [],
    "platform-dev": []
}
